github.com/gorilla/websocket v1.4.2 h1:+/TMaTYc4QFitKJxsQ7Yye35DkWvkdLcvGKqM+x0Ufc=
github.com/gorilla/websocket v1.4.2/go.mod h1:YR8l580nyteQvAITg2hZ9XVh4b55+EU/adAjf1fMHhE=
github.com/nnaka2992/go_web_app v0.0.0-20210607132803-38ca7cb9786a h1:47DEQpj8HBSa+/TImW+5JCeuQeRkm5NMpJWZG3hSuFU=
github.com/nnaka2992/go_web_app/chapter1/trace v0.0.0-20210607132803-38ca7cb9786a h1:WUsXqXW70dmguhaQBvD7UnWZPTj9bEcU+BhFFbnAhuQ=
github.com/nnaka2992/go_web_app/chapter1/trace v0.0.0-20210607132803-38ca7cb9786a/go.mod h1:yVcW3c7mmya+X5Yk90wEji/paFAFzQfPAVYBs4AWKC4=
